// !$*UTF8*$!
{
	archiveVersion = 1;
	classes = {
	};
	objectVersion = 55;
	objects = {

/* Begin PBXBuildFile section */
		120D8A57272C6623007B3521 /* Book_StoreApp.swift in Sources */ = {isa = PBXBuildFile; fileRef = 120D8A56272C6623007B3521 /* Book_StoreApp.swift */; };
		120D8A59272C6623007B3521 /* ContentView.swift in Sources */ = {isa = PBXBuildFile; fileRef = 120D8A58272C6623007B3521 /* ContentView.swift */; };
		120D8A5B272C6626007B3521 /* Assets.xcassets in Resources */ = {isa = PBXBuildFile; fileRef = 120D8A5A272C6626007B3521 /* Assets.xcassets */; };
		120D8A5E272C6626007B3521 /* Preview Assets.xcassets in Resources */ = {isa = PBXBuildFile; fileRef = 120D8A5D272C6626007B3521 /* Preview Assets.xcassets */; };
		120D8A60272C6626007B3521 /* Persistence.swift in Sources */ = {isa = PBXBuildFile; fileRef = 120D8A5F272C6626007B3521 /* Persistence.swift */; };
		120D8A63272C6626007B3521 /* Book_Store.xcdatamodeld in Sources */ = {isa = PBXBuildFile; fileRef = 120D8A61272C6626007B3521 /* Book_Store.xcdatamodeld */; };
		120D8A6D272C6627007B3521 /* Book_StoreTests.swift in Sources */ = {isa = PBXBuildFile; fileRef = 120D8A6C272C6627007B3521 /* Book_StoreTests.swift */; };
		120D8A77272C6627007B3521 /* Book_StoreUITests.swift in Sources */ = {isa = PBXBuildFile; fileRef = 120D8A76272C6627007B3521 /* Book_StoreUITests.swift */; };
		120D8A79272C6627007B3521 /* Book_StoreUITestsLaunchTests.swift in Sources */ = {isa = PBXBuildFile; fileRef = 120D8A78272C6627007B3521 /* Book_StoreUITestsLaunchTests.swift */; };
		120D8A87272C6C09007B3521 /* BookDetailsView.swift in Sources */ = {isa = PBXBuildFile; fileRef = 120D8A86272C6C09007B3521 /* BookDetailsView.swift */; };
		120D8A89272C6D10007B3521 /* addDataView.swift in Sources */ = {isa = PBXBuildFile; fileRef = 120D8A88272C6D10007B3521 /* addDataView.swift */; };
		120D8A8B272C6E71007B3521 /* ImagePicker.swift in Sources */ = {isa = PBXBuildFile; fileRef = 120D8A8A272C6E71007B3521 /* ImagePicker.swift */; };
		120D8A8D272C6EE7007B3521 /* loginView.swift in Sources */ = {isa = PBXBuildFile; fileRef = 120D8A8C272C6EE7007B3521 /* loginView.swift */; };
		1272F92E272C93E700B12E3D /* ToastUI in Frameworks */ = {isa = PBXBuildFile; productRef = 1272F92D272C93E700B12E3D /* ToastUI */; };
		1272F930272CA80E00B12E3D /* Localizable.strings in Resources */ = {isa = PBXBuildFile; fileRef = 1272F92F272CA80E00B12E3D /* Localizable.strings */; };
/* End PBXBuildFile section */

/* Begin PBXContainerItemProxy section */
		120D8A69272C6627007B3521 /* PBXContainerItemProxy */ = {
			isa = PBXContainerItemProxy;
			containerPortal = 120D8A4B272C6623007B3521 /* Project object */;
			proxyType = 1;
			remoteGlobalIDString = 120D8A52272C6623007B3521;
			remoteInfo = "Book Store";
		};
		120D8A73272C6627007B3521 /* PBXContainerItemProxy */ = {
			isa = PBXContainerItemProxy;
			containerPortal = 120D8A4B272C6623007B3521 /* Project object */;
			proxyType = 1;
			remoteGlobalIDString = 120D8A52272C6623007B3521;
			remoteInfo = "Book Store";
		};
/* End PBXContainerItemProxy section */

/* Begin PBXFileReference section */
		120D8A53272C6623007B3521 /* Book Store.app */ = {isa = PBXFileReference; explicitFileType = wrapper.application; includeInIndex = 0; path = "Book Store.app"; sourceTree = BUILT_PRODUCTS_DIR; };
		120D8A56272C6623007B3521 /* Book_StoreApp.swift */ = {isa = PBXFileReference; lastKnownFileType = sourcecode.swift; path = Book_StoreApp.swift; sourceTree = "<group>"; };
		120D8A58272C6623007B3521 /* ContentView.swift */ = {isa = PBXFileReference; lastKnownFileType = sourcecode.swift; path = ContentView.swift; sourceTree = "<group>"; };
		120D8A5A272C6626007B3521 /* Assets.xcassets */ = {isa = PBXFileReference; lastKnownFileType = folder.assetcatalog; path = Assets.xcassets; sourceTree = "<group>"; };
		120D8A5D272C6626007B3521 /* Preview Assets.xcassets */ = {isa = PBXFileReference; lastKnownFileType = folder.assetcatalog; path = "Preview Assets.xcassets"; sourceTree = "<group>"; };
		120D8A5F272C6626007B3521 /* Persistence.swift */ = {isa = PBXFileReference; lastKnownFileType = sourcecode.swift; path = Persistence.swift; sourceTree = "<group>"; };
		120D8A62272C6626007B3521 /* Book_Store.xcdatamodel */ = {isa = PBXFileReference; lastKnownFileType = wrapper.xcdatamodel; path = Book_Store.xcdatamodel; sourceTree = "<group>"; };
		120D8A68272C6627007B3521 /* Book StoreTests.xctest */ = {isa = PBXFileReference; explicitFileType = wrapper.cfbundle; includeInIndex = 0; path = "Book StoreTests.xctest"; sourceTree = BUILT_PRODUCTS_DIR; };
		120D8A6C272C6627007B3521 /* Book_StoreTests.swift */ = {isa = PBXFileReference; lastKnownFileType = sourcecode.swift; path = Book_StoreTests.swift; sourceTree = "<group>"; };
		120D8A72272C6627007B3521 /* Book StoreUITests.xctest */ = {isa = PBXFileReference; explicitFileType = wrapper.cfbundle; includeInIndex = 0; path = "Book StoreUITests.xctest"; sourceTree = BUILT_PRODUCTS_DIR; };
		120D8A76272C6627007B3521 /* Book_StoreUITests.swift */ = {isa = PBXFileReference; lastKnownFileType = sourcecode.swift; path = Book_StoreUITests.swift; sourceTree = "<group>"; };
		120D8A78272C6627007B3521 /* Book_StoreUITestsLaunchTests.swift */ = {isa = PBXFileReference; lastKnownFileType = sourcecode.swift; path = Book_StoreUITestsLaunchTests.swift; sourceTree = "<group>"; };
		120D8A86272C6C09007B3521 /* BookDetailsView.swift */ = {isa = PBXFileReference; lastKnownFileType = sourcecode.swift; path = BookDetailsView.swift; sourceTree = "<group>"; };
		120D8A88272C6D10007B3521 /* addDataView.swift */ = {isa = PBXFileReference; lastKnownFileType = sourcecode.swift; path = addDataView.swift; sourceTree = "<group>"; };
		120D8A8A272C6E71007B3521 /* ImagePicker.swift */ = {isa = PBXFileReference; lastKnownFileType = sourcecode.swift; path = ImagePicker.swift; sourceTree = "<group>"; };
		120D8A8C272C6EE7007B3521 /* loginView.swift */ = {isa = PBXFileReference; lastKnownFileType = sourcecode.swift; path = loginView.swift; sourceTree = "<group>"; };
		1272F92F272CA80E00B12E3D /* Localizable.strings */ = {isa = PBXFileReference; lastKnownFileType = text.plist.strings; path = Localizable.strings; sourceTree = "<group>"; };
/* End PBXFileReference section */

/* Begin PBXFrameworksBuildPhase section */
		120D8A50272C6623007B3521 /* Frameworks */ = {
			isa = PBXFrameworksBuildPhase;
			buildActionMask = 2147483647;
			files = (
				1272F92E272C93E700B12E3D /* ToastUI in Frameworks */,
			);
			runOnlyForDeploymentPostprocessing = 0;
		};
		120D8A65272C6627007B3521 /* Frameworks */ = {
			isa = PBXFrameworksBuildPhase;
			buildActionMask = 2147483647;
			files = (
			);
			runOnlyForDeploymentPostprocessing = 0;
		};
		120D8A6F272C6627007B3521 /* Frameworks */ = {
			isa = PBXFrameworksBuildPhase;
			buildActionMask = 2147483647;
			files = (
			);
			runOnlyForDeploymentPostprocessing = 0;
		};
/* End PBXFrameworksBuildPhase section */

/* Begin PBXGroup section */
		120D8A4A272C6623007B3521 = {
			isa = PBXGroup;
			children = (
				1272F92F272CA80E00B12E3D /* Localizable.strings */,
				120D8A55272C6623007B3521 /* Book Store */,
				120D8A6B272C6627007B3521 /* Book StoreTests */,
				120D8A75272C6627007B3521 /* Book StoreUITests */,
				120D8A54272C6623007B3521 /* Products */,
			);
			sourceTree = "<group>";
		};
		120D8A54272C6623007B3521 /* Products */ = {
			isa = PBXGroup;
			children = (
				120D8A53272C6623007B3521 /* Book Store.app */,
				120D8A68272C6627007B3521 /* Book StoreTests.xctest */,
				120D8A72272C6627007B3521 /* Book StoreUITests.xctest */,
			);
			name = Products;
			sourceTree = "<group>";
		};
		120D8A55272C6623007B3521 /* Book Store */ = {
			isa = PBXGroup;
			children = (
				120D8A85272C6A53007B3521 /* View */,
				120D8A56272C6623007B3521 /* Book_StoreApp.swift */,
				120D8A5A272C6626007B3521 /* Assets.xcassets */,
				120D8A5F272C6626007B3521 /* Persistence.swift */,
				120D8A61272C6626007B3521 /* Book_Store.xcdatamodeld */,
				120D8A5C272C6626007B3521 /* Preview Content */,
			);
			path = "Book Store";
			sourceTree = "<group>";
		};
		120D8A5C272C6626007B3521 /* Preview Content */ = {
			isa = PBXGroup;
			children = (
				120D8A5D272C6626007B3521 /* Preview Assets.xcassets */,
			);
			path = "Preview Content";
			sourceTree = "<group>";
		};
		120D8A6B272C6627007B3521 /* Book StoreTests */ = {
			isa = PBXGroup;
			children = (
				120D8A6C272C6627007B3521 /* Book_StoreTests.swift */,
			);
			path = "Book StoreTests";
			sourceTree = "<group>";
		};
		120D8A75272C6627007B3521 /* Book StoreUITests */ = {
			isa = PBXGroup;
			children = (
				120D8A76272C6627007B3521 /* Book_StoreUITests.swift */,
				120D8A78272C6627007B3521 /* Book_StoreUITestsLaunchTests.swift */,
			);
			path = "Book StoreUITests";
			sourceTree = "<group>";
		};
		120D8A85272C6A53007B3521 /* View */ = {
			isa = PBXGroup;
			children = (
				120D8A58272C6623007B3521 /* ContentView.swift */,
				120D8A86272C6C09007B3521 /* BookDetailsView.swift */,
				120D8A88272C6D10007B3521 /* addDataView.swift */,
				120D8A8A272C6E71007B3521 /* ImagePicker.swift */,
				120D8A8C272C6EE7007B3521 /* loginView.swift */,
			);
			path = View;
			sourceTree = "<group>";
		};
/* End PBXGroup section */

/* Begin PBXNativeTarget section */
		120D8A52272C6623007B3521 /* Book Store */ = {
			isa = PBXNativeTarget;
			buildConfigurationList = 120D8A7C272C6627007B3521 /* Build configuration list for PBXNativeTarget "Book Store" */;
			buildPhases = (
				120D8A4F272C6623007B3521 /* Sources */,
				120D8A50272C6623007B3521 /* Frameworks */,
				120D8A51272C6623007B3521 /* Resources */,
			);
			buildRules = (
			);
			dependencies = (
			);
			name = "Book Store";
			packageProductDependencies = (
				1272F92D272C93E700B12E3D /* ToastUI */,
			);
			productName = "Book Store";
			productReference = 120D8A53272C6623007B3521 /* Book Store.app */;
			productType = "com.apple.product-type.application";
		};
		120D8A67272C6627007B3521 /* Book StoreTests */ = {
			isa = PBXNativeTarget;
			buildConfigurationList = 120D8A7F272C6627007B3521 /* Build configuration list for PBXNativeTarget "Book StoreTests" */;
			buildPhases = (
				120D8A64272C6627007B3521 /* Sources */,
				120D8A65272C6627007B3521 /* Frameworks */,
				120D8A66272C6627007B3521 /* Resources */,
			);
			buildRules = (
			);
			dependencies = (
				120D8A6A272C6627007B3521 /* PBXTargetDependency */,
			);
			name = "Book StoreTests";
			productName = "Book StoreTests";
			productReference = 120D8A68272C6627007B3521 /* Book StoreTests.xctest */;
			productType = "com.apple.product-type.bundle.unit-test";
		};
		120D8A71272C6627007B3521 /* Book StoreUITests */ = {
			isa = PBXNativeTarget;
			buildConfigurationList = 120D8A82272C6627007B3521 /* Build configuration list for PBXNativeTarget "Book StoreUITests" */;
			buildPhases = (
				120D8A6E272C6627007B3521 /* Sources */,
				120D8A6F272C6627007B3521 /* Frameworks */,
				120D8A70272C6627007B3521 /* Resources */,
			);
			buildRules = (
			);
			dependencies = (
				120D8A74272C6627007B3521 /* PBXTargetDependency */,
			);
			name = "Book StoreUITests";
			productName = "Book StoreUITests";
			productReference = 120D8A72272C6627007B3521 /* Book StoreUITests.xctest */;
			productType = "com.apple.product-type.bundle.ui-testing";
		};
/* End PBXNativeTarget section */

/* Begin PBXProject section */
		120D8A4B272C6623007B3521 /* Project object */ = {
			isa = PBXProject;
			attributes = {
				BuildIndependentTargetsInParallel = 1;
				LastSwiftUpdateCheck = 1300;
				LastUpgradeCheck = 1300;
				TargetAttributes = {
					120D8A52272C6623007B3521 = {
						CreatedOnToolsVersion = 13.0;
					};
					120D8A67272C6627007B3521 = {
						CreatedOnToolsVersion = 13.0;
						TestTargetID = 120D8A52272C6623007B3521;
					};
					120D8A71272C6627007B3521 = {
						CreatedOnToolsVersion = 13.0;
						TestTargetID = 120D8A52272C6623007B3521;
					};
				};
			};
			buildConfigurationList = 120D8A4E272C6623007B3521 /* Build configuration list for PBXProject "Book Store" */;
			compatibilityVersion = "Xcode 13.0";
			developmentRegion = en;
			hasScannedForEncodings = 0;
			knownRegions = (
				en,
				Base,
			);
			mainGroup = 120D8A4A272C6623007B3521;
			packageReferences = (
				1272F92C272C93E700B12E3D /* XCRemoteSwiftPackageReference "ToastUI" */,
			);
			productRefGroup = 120D8A54272C6623007B3521 /* Products */;
			projectDirPath = "";
			projectRoot = "";
			targets = (
				120D8A52272C6623007B3521 /* Book Store */,
				120D8A67272C6627007B3521 /* Book StoreTests */,
				120D8A71272C6627007B3521 /* Book StoreUITests */,
			);
		};
/* End PBXProject section */

/* Begin PBXResourcesBuildPhase section */
		120D8A51272C6623007B3521 /* Resources */ = {
			isa = PBXResourcesBuildPhase;
			buildActionMask = 2147483647;
			files = (
				120D8A5E272C6626007B3521 /* Preview Assets.xcassets in Resources */,
				1272F930272CA80E00B12E3D /* Localizable.strings in Resources */,
				120D8A5B272C6626007B3521 /* Assets.xcassets in Resources */,
			);
			runOnlyForDeploymentPostprocessing = 0;
		};
		120D8A66272C6627007B3521 /* Resources */ = {
			isa = PBXResourcesBuildPhase;
			buildActionMask = 2147483647;
			files = (
			);
			runOnlyForDeploymentPostprocessing = 0;
		};
		120D8A70272C6627007B3521 /* Resources */ = {
			isa = PBXResourcesBuildPhase;
			buildActionMask = 2147483647;
			files = (
			);
			runOnlyForDeploymentPostprocessing = 0;
		};
/* End PBXResourcesBuildPhase section */

/* Begin PBXSourcesBuildPhase section */
		120D8A4F272C6623007B3521 /* Sources */ = {
			isa = PBXSourcesBuildPhase;
			buildActionMask = 2147483647;
			files = (
				120D8A60272C6626007B3521 /* Persistence.swift in Sources */,
				120D8A59272C6623007B3521 /* ContentView.swift in Sources */,
				120D8A63272C6626007B3521 /* Book_Store.xcdatamodeld in Sources */,
				120D8A8B272C6E71007B3521 /* ImagePicker.swift in Sources */,
				120D8A57272C6623007B3521 /* Book_StoreApp.swift in Sources */,
				120D8A89272C6D10007B3521 /* addDataView.swift in Sources */,
				120D8A8D272C6EE7007B3521 /* loginView.swift in Sources */,
				120D8A87272C6C09007B3521 /* BookDetailsView.swift in Sources */,
			);
			runOnlyForDeploymentPostprocessing = 0;
		};
		120D8A64272C6627007B3521 /* Sources */ = {
			isa = PBXSourcesBuildPhase;
			buildActionMask = 2147483647;
			files = (
				120D8A6D272C6627007B3521 /* Book_StoreTests.swift in Sources */,
			);
			runOnlyForDeploymentPostprocessing = 0;
		};
		120D8A6E272C6627007B3521 /* Sources */ = {
			isa = PBXSourcesBuildPhase;
			buildActionMask = 2147483647;
			files = (
				120D8A77272C6627007B3521 /* Book_StoreUITests.swift in Sources */,
				120D8A79272C6627007B3521 /* Book_StoreUITestsLaunchTests.swift in Sources */,
			);
			runOnlyForDeploymentPostprocessing = 0;
		};
/* End PBXSourcesBuildPhase section */

/* Begin PBXTargetDependency section */
		120D8A6A272C6627007B3521 /* PBXTargetDependency */ = {
			isa = PBXTargetDependency;
			target = 120D8A52272C6623007B3521 /* Book Store */;
			targetProxy = 120D8A69272C6627007B3521 /* PBXContainerItemProxy */;
		};
		120D8A74272C6627007B3521 /* PBXTargetDependency */ = {
			isa = PBXTargetDependency;
			target = 120D8A52272C6623007B3521 /* Book Store */;
			targetProxy = 120D8A73272C6627007B3521 /* PBXContainerItemProxy */;
		};
/* End PBXTargetDependency section */

/* Begin XCBuildConfiguration section */
		120D8A7A272C6627007B3521 /* Debug */ = {
			isa = XCBuildConfiguration;
			buildSettings = {
				ALWAYS_SEARCH_USER_PATHS = NO;
				CLANG_ANALYZER_NONNULL = YES;
				CLANG_ANALYZER_NUMBER_OBJECT_CONVERSION = YES_AGGRESSIVE;
				CLANG_CXX_LANGUAGE_STANDARD = "gnu++17";
				CLANG_CXX_LIBRARY = "libc++";
				CLANG_ENABLE_MODULES = YES;
				CLANG_ENABLE_OBJC_ARC = YES;
				CLANG_ENABLE_OBJC_WEAK = YES;
				CLANG_WARN_BLOCK_CAPTURE_AUTORELEASING = YES;
				CLANG_WARN_BOOL_CONVERSION = YES;
				CLANG_WARN_COMMA = YES;
				CLANG_WARN_CONSTANT_CONVERSION = YES;
				CLANG_WARN_DEPRECATED_OBJC_IMPLEMENTATIONS = YES;
				CLANG_WARN_DIRECT_OBJC_ISA_USAGE = YES_ERROR;
				CLANG_WARN_DOCUMENTATION_COMMENTS = YES;
				CLANG_WARN_EMPTY_BODY = YES;
				CLANG_WARN_ENUM_CONVERSION = YES;
				CLANG_WARN_INFINITE_RECURSION = YES;
				CLANG_WARN_INT_CONVERSION = YES;
				CLANG_WARN_NON_LITERAL_NULL_CONVERSION = YES;
				CLANG_WARN_OBJC_IMPLICIT_RETAIN_SELF = YES;
				CLANG_WARN_OBJC_LITERAL_CONVERSION = YES;
				CLANG_WARN_OBJC_ROOT_CLASS = YES_ERROR;
				CLANG_WARN_QUOTED_INCLUDE_IN_FRAMEWORK_HEADER = YES;
				CLANG_WARN_RANGE_LOOP_ANALYSIS = YES;
				CLANG_WARN_STRICT_PROTOTYPES = YES;
				CLANG_WARN_SUSPICIOUS_MOVE = YES;
				CLANG_WARN_UNGUARDED_AVAILABILITY = YES_AGGRESSIVE;
				CLANG_WARN_UNREACHABLE_CODE = YES;
				CLANG_WARN__DUPLICATE_METHOD_MATCH = YES;
				COPY_PHASE_STRIP = NO;
				DEBUG_INFORMATION_FORMAT = dwarf;
				ENABLE_STRICT_OBJC_MSGSEND = YES;
				ENABLE_TESTABILITY = YES;
				GCC_C_LANGUAGE_STANDARD = gnu11;
				GCC_DYNAMIC_NO_PIC = NO;
				GCC_NO_COMMON_BLOCKS = YES;
				GCC_OPTIMIZATION_LEVEL = 0;
				GCC_PREPROCESSOR_DEFINITIONS = (
					"DEBUG=1",
					"$(inherited)",
				);
				GCC_WARN_64_TO_32_BIT_CONVERSION = YES;
				GCC_WARN_ABOUT_RETURN_TYPE = YES_ERROR;
				GCC_WARN_UNDECLARED_SELECTOR = YES;
				GCC_WARN_UNINITIALIZED_AUTOS = YES_AGGRESSIVE;
				GCC_WARN_UNUSED_FUNCTION = YES;
				GCC_WARN_UNUSED_VARIABLE = YES;
				IPHONEOS_DEPLOYMENT_TARGET = 15.0;
				MTL_ENABLE_DEBUG_INFO = INCLUDE_SOURCE;
				MTL_FAST_MATH = YES;
				ONLY_ACTIVE_ARCH = YES;
				SDKROOT = iphoneos;
				SWIFT_ACTIVE_COMPILATION_CONDITIONS = DEBUG;
				SWIFT_OPTIMIZATION_LEVEL = "-Onone";
			};
			name = Debug;
		};
		120D8A7B272C6627007B3521 /* Release */ = {
			isa = XCBuildConfiguration;
			buildSettings = {
				ALWAYS_SEARCH_USER_PATHS = NO;
				CLANG_ANALYZER_NONNULL = YES;
				CLANG_ANALYZER_NUMBER_OBJECT_CONVERSION = YES_AGGRESSIVE;
				CLANG_CXX_LANGUAGE_STANDARD = "gnu++17";
				CLANG_CXX_LIBRARY = "libc++";
				CLANG_ENABLE_MODULES = YES;
				CLANG_ENABLE_OBJC_ARC = YES;
				CLANG_ENABLE_OBJC_WEAK = YES;
				CLANG_WARN_BLOCK_CAPTURE_AUTORELEASING = YES;
				CLANG_WARN_BOOL_CONVERSION = YES;
				CLANG_WARN_COMMA = YES;
				CLANG_WARN_CONSTANT_CONVERSION = YES;
				CLANG_WARN_DEPRECATED_OBJC_IMPLEMENTATIONS = YES;
				CLANG_WARN_DIRECT_OBJC_ISA_USAGE = YES_ERROR;
				CLANG_WARN_DOCUMENTATION_COMMENTS = YES;
				CLANG_WARN_EMPTY_BODY = YES;
				CLANG_WARN_ENUM_CONVERSION = YES;
				CLANG_WARN_INFINITE_RECURSION = YES;
				CLANG_WARN_INT_CONVERSION = YES;
				CLANG_WARN_NON_LITERAL_NULL_CONVERSION = YES;
				CLANG_WARN_OBJC_IMPLICIT_RETAIN_SELF = YES;
				CLANG_WARN_OBJC_LITERAL_CONVERSION = YES;
				CLANG_WARN_OBJC_ROOT_CLASS = YES_ERROR;
				CLANG_WARN_QUOTED_INCLUDE_IN_FRAMEWORK_HEADER = YES;
				CLANG_WARN_RANGE_LOOP_ANALYSIS = YES;
				CLANG_WARN_STRICT_PROTOTYPES = YES;
				CLANG_WARN_SUSPICIOUS_MOVE = YES;
				CLANG_WARN_UNGUARDED_AVAILABILITY = YES_AGGRESSIVE;
				CLANG_WARN_UNREACHABLE_CODE = YES;
				CLANG_WARN__DUPLICATE_METHOD_MATCH = YES;
				COPY_PHASE_STRIP = NO;
				DEBUG_INFORMATION_FORMAT = "dwarf-with-dsym";
				ENABLE_NS_ASSERTIONS = NO;
				ENABLE_STRICT_OBJC_MSGSEND = YES;
				GCC_C_LANGUAGE_STANDARD = gnu11;
				GCC_NO_COMMON_BLOCKS = YES;
				GCC_WARN_64_TO_32_BIT_CONVERSION = YES;
				GCC_WARN_ABOUT_RETURN_TYPE = YES_ERROR;
				GCC_WARN_UNDECLARED_SELECTOR = YES;
				GCC_WARN_UNINITIALIZED_AUTOS = YES_AGGRESSIVE;
				GCC_WARN_UNUSED_FUNCTION = YES;
				GCC_WARN_UNUSED_VARIABLE = YES;
				IPHONEOS_DEPLOYMENT_TARGET = 15.0;
				MTL_ENABLE_DEBUG_INFO = NO;
				MTL_FAST_MATH = YES;
				SDKROOT = iphoneos;
				SWIFT_COMPILATION_MODE = wholemodule;
				SWIFT_OPTIMIZATION_LEVEL = "-O";
				VALIDATE_PRODUCT = YES;
			};
			name = Release;
		};
		120D8A7D272C6627007B3521 /* Debug */ = {
			isa = XCBuildConfiguration;
			buildSettings = {
				ASSETCATALOG_COMPILER_APPICON_NAME = AppIcon;
				ASSETCATALOG_COMPILER_GLOBAL_ACCENT_COLOR_NAME = AccentColor;
				CODE_SIGN_STYLE = Automatic;
				CURRENT_PROJECT_VERSION = 1;
				DEVELOPMENT_ASSET_PATHS = "\"Book Store/Preview Content\"";
				ENABLE_PREVIEWS = YES;
				GENERATE_INFOPLIST_FILE = YES;
				INFOPLIST_KEY_UIApplicationSceneManifest_Generation = YES;
				INFOPLIST_KEY_UIApplicationSupportsIndirectInputEvents = YES;
				INFOPLIST_KEY_UILaunchScreen_Generation = YES;
				INFOPLIST_KEY_UISupportedInterfaceOrientations_iPad = "UIInterfaceOrientationPortrait UIInterfaceOrientationPortraitUpsideDown UIInterfaceOrientationLandscapeLeft UIInterfaceOrientationLandscapeRight";
				INFOPLIST_KEY_UISupportedInterfaceOrientations_iPhone = "UIInterfaceOrientationPortrait UIInterfaceOrientationLandscapeLeft UIInterfaceOrientationLandscapeRight";
				IPHONEOS_DEPLOYMENT_TARGET = 14.0;
				LD_RUNPATH_SEARCH_PATHS = (
					"$(inherited)",
					"@executable_path/Frameworks",
				);
				MARKETING_VERSION = 1.0;
				PRODUCT_BUNDLE_IDENTIFIER = "com.SoftSpace.Book-Store";
				PRODUCT_NAME = "$(TARGET_NAME)";
				SWIFT_EMIT_LOC_STRINGS = YES;
				SWIFT_VERSION = 5.0;
				TARGETED_DEVICE_FAMILY = "1,2";
			};
			name = Debug;
		};
		120D8A7E272C6627007B3521 /* Release */ = {
			isa = XCBuildConfiguration;
			buildSettings = {
				ASSETCATALOG_COMPILER_APPICON_NAME = AppIcon;
				ASSETCATALOG_COMPILER_GLOBAL_ACCENT_COLOR_NAME = AccentColor;
				CODE_SIGN_STYLE = Automatic;
				CURRENT_PROJECT_VERSION = 1;
				DEVELOPMENT_ASSET_PATHS = "\"Book Store/Preview Content\"";
				ENABLE_PREVIEWS = YES;
				GENERATE_INFOPLIST_FILE = YES;
				INFOPLIST_KEY_UIApplicationSceneManifest_Generation = YES;
				INFOPLIST_KEY_UIApplicationSupportsIndirectInputEvents = YES;
				INFOPLIST_KEY_UILaunchScreen_Generation = YES;
				INFOPLIST_KEY_UISupportedInterfaceOrientations_iPad = "UIInterfaceOrientationPortrait UIInterfaceOrientationPortraitUpsideDown UIInterfaceOrientationLandscapeLeft UIInterfaceOrientationLandscapeRight";
				INFOPLIST_KEY_UISupportedInterfaceOrientations_iPhone = "UIInterfaceOrientationPortrait UIInterfaceOrientationLandscapeLeft UIInterfaceOrientationLandscapeRight";
				IPHONEOS_DEPLOYMENT_TARGET = 14.0;
				LD_RUNPATH_SEARCH_PATHS = (
					"$(inherited)",
					"@executable_path/Frameworks",
				);
				MARKETING_VERSION = 1.0;
				PRODUCT_BUNDLE_IDENTIFIER = "com.SoftSpace.Book-Store";
				PRODUCT_NAME = "$(TARGET_NAME)";
				SWIFT_EMIT_LOC_STRINGS = YES;
				SWIFT_VERSION = 5.0;
				TARGETED_DEVICE_FAMILY = "1,2";
			};
			name = Release;
		};
		120D8A80272C6627007B3521 /* Debug */ = {
			isa = XCBuildConfiguration;
			buildSettings = {
				ALWAYS_EMBED_SWIFT_STANDARD_LIBRARIES = YES;
				BUNDLE_LOADER = "$(TEST_HOST)";
				CODE_SIGN_STYLE = Automatic;
				CURRENT_PROJECT_VERSION = 1;
				GENERATE_INFOPLIST_FILE = YES;
				IPHONEOS_DEPLOYMENT_TARGET = 14.0;
				LD_RUNPATH_SEARCH_PATHS = (
					"$(inherited)",
					"@executable_path/Frameworks",
					"@loader_path/Frameworks",
				);
				MARKETING_VERSION = 1.0;
				PRODUCT_BUNDLE_IDENTIFIER = "com.SoftSpace.Book-StoreTests";
				PRODUCT_NAME = "$(TARGET_NAME)";
				SWIFT_EMIT_LOC_STRINGS = NO;
				SWIFT_VERSION = 5.0;
				TARGETED_DEVICE_FAMILY = "1,2";
				TEST_HOST = "$(BUILT_PRODUCTS_DIR)/Book Store.app/Book Store";
			};
			name = Debug;
		};
		120D8A81272C6627007B3521 /* Release */ = {
			isa = XCBuildConfiguration;
			buildSettings = {
				ALWAYS_EMBED_SWIFT_STANDARD_LIBRARIES = YES;
				BUNDLE_LOADER = "$(TEST_HOST)";
				CODE_SIGN_STYLE = Automatic;
				CURRENT_PROJECT_VERSION = 1;
				GENERATE_INFOPLIST_FILE = YES;
				IPHONEOS_DEPLOYMENT_TARGET = 14.0;
				LD_RUNPATH_SEARCH_PATHS = (
					"$(inherited)",
					"@executable_path/Frameworks",
					"@loader_path/Frameworks",
				);
				MARKETING_VERSION = 1.0;
				PRODUCT_BUNDLE_IDENTIFIER = "com.SoftSpace.Book-StoreTests";
				PRODUCT_NAME = "$(TARGET_NAME)";
				SWIFT_EMIT_LOC_STRINGS = NO;
				SWIFT_VERSION = 5.0;
				TARGETED_DEVICE_FAMILY = "1,2";
				TEST_HOST = "$(BUILT_PRODUCTS_DIR)/Book Store.app/Book Store";
			};
			name = Release;
		};
		120D8A83272C6627007B3521 /* Debug */ = {
			isa = XCBuildConfiguration;
			buildSettings = {
				ALWAYS_EMBED_SWIFT_STANDARD_LIBRARIES = YES;
				CODE_SIGN_STYLE = Automatic;
				CURRENT_PROJECT_VERSION = 1;
				GENERATE_INFOPLIST_FILE = YES;
				LD_RUNPATH_SEARCH_PATHS = (
					"$(inherited)",
					"@executable_path/Frameworks",
					"@loader_path/Frameworks",
				);
				MARKETING_VERSION = 1.0;
				PRODUCT_BUNDLE_IDENTIFIER = "com.SoftSpace.Book-StoreUITests";
				PRODUCT_NAME = "$(TARGET_NAME)";
				SWIFT_EMIT_LOC_STRINGS = NO;
				SWIFT_VERSION = 5.0;
				TARGETED_DEVICE_FAMILY = "1,2";
				TEST_TARGET_NAME = "Book Store";
			};
			name = Debug;
		};
		120D8A84272C6627007B3521 /* Release */ = {
			isa = XCBuildConfiguration;
			buildSettings = {
				ALWAYS_EMBED_SWIFT_STANDARD_LIBRARIES = YES;
				CODE_SIGN_STYLE = Automatic;
				CURRENT_PROJECT_VERSION = 1;
				GENERATE_INFOPLIST_FILE = YES;
				LD_RUNPATH_SEARCH_PATHS = (
					"$(inherited)",
					"@executable_path/Frameworks",
					"@loader_path/Frameworks",
				);
				MARKETING_VERSION = 1.0;
				PRODUCT_BUNDLE_IDENTIFIER = "com.SoftSpace.Book-StoreUITests";
				PRODUCT_NAME = "$(TARGET_NAME)";
				SWIFT_EMIT_LOC_STRINGS = NO;
				SWIFT_VERSION = 5.0;
				TARGETED_DEVICE_FAMILY = "1,2";
				TEST_TARGET_NAME = "Book Store";
			};
			name = Release;
		};
/* End XCBuildConfiguration section */

/* Begin XCConfigurationList section */
		120D8A4E272C6623007B3521 /* Build configuration list for PBXProject "Book Store" */ = {
			isa = XCConfigurationList;
			buildConfigurations = (
				120D8A7A272C6627007B3521 /* Debug */,
				120D8A7B272C6627007B3521 /* Release */,
			);
			defaultConfigurationIsVisible = 0;
			defaultConfigurationName = Release;
		};
		120D8A7C272C6627007B3521 /* Build configuration list for PBXNativeTarget "Book Store" */ = {
			isa = XCConfigurationList;
			buildConfigurations = (
				120D8A7D272C6627007B3521 /* Debug */,
				120D8A7E272C6627007B3521 /* Release */,
			);
			defaultConfigurationIsVisible = 0;
			defaultConfigurationName = Release;
		};
		120D8A7F272C6627007B3521 /* Build configuration list for PBXNativeTarget "Book StoreTests" */ = {
			isa = XCConfigurationList;
			buildConfigurations = (
				120D8A80272C6627007B3521 /* Debug */,
				120D8A81272C6627007B3521 /* Release */,
			);
			defaultConfigurationIsVisible = 0;
			defaultConfigurationName = Release;
		};
		120D8A82272C6627007B3521 /* Build configuration list for PBXNativeTarget "Book StoreUITests" */ = {
			isa = XCConfigurationList;
			buildConfigurations = (
				120D8A83272C6627007B3521 /* Debug */,
				120D8A84272C6627007B3521 /* Release */,
			);
			defaultConfigurationIsVisible = 0;
			defaultConfigurationName = Release;
		};
/* End XCConfigurationList section */

/* Begin XCRemoteSwiftPackageReference section */
		1272F92C272C93E700B12E3D /* XCRemoteSwiftPackageReference "ToastUI" */ = {
			isa = XCRemoteSwiftPackageReference;
			repositoryURL = "https://github.com/quanshousio/ToastUI";
			requirement = {
				branch = main;
				kind = branch;
			};
		};
/* End XCRemoteSwiftPackageReference section */

/* Begin XCSwiftPackageProductDependency section */
		1272F92D272C93E700B12E3D /* ToastUI */ = {
			isa = XCSwiftPackageProductDependency;
			package = 1272F92C272C93E700B12E3D /* XCRemoteSwiftPackageReference "ToastUI" */;
			productName = ToastUI;
		};
/* End XCSwiftPackageProductDependency section */

/* Begin XCVersionGroup section */
		120D8A61272C6626007B3521 /* Book_Store.xcdatamodeld */ = {
			isa = XCVersionGroup;
			children = (
				120D8A62272C6626007B3521 /* Book_Store.xcdatamodel */,
			);
			currentVersion = 120D8A62272C6626007B3521 /* Book_Store.xcdatamodel */;
			path = Book_Store.xcdatamodeld;
			sourceTree = "<group>";
			versionGroupType = wrapper.xcdatamodel;
		};
/* End XCVersionGroup section */
	};
	rootObject = 120D8A4B272C6623007B3521 /* Project object */;
}
